// !$*UTF8*$!
{
	archiveVersion = 1;
	classes = {
	};
	objectVersion = 46;
	objects = {

/* Begin PBXBuildFile section */
		115D43102119CF2800AF3872 /* Kingfisher.framework in Frameworks */ = {isa = PBXBuildFile; fileRef = 115D43012119CE5A00AF3872 /* Kingfisher.framework */; };
		115D43112119CF2800AF3872 /* Kingfisher.framework in Embed Frameworks */ = {isa = PBXBuildFile; fileRef = 115D43012119CE5A00AF3872 /* Kingfisher.framework */; settings = {ATTRIBUTES = (CodeSignOnCopy, RemoveHeadersOnCopy, ); }; };
		5849EC641D2B8FC90074F73D /* AppDelegate.swift in Sources */ = {isa = PBXBuildFile; fileRef = 5849EC631D2B8FC90074F73D /* AppDelegate.swift */; };
		5849EC661D2B8FC90074F73D /* ViewController.swift in Sources */ = {isa = PBXBuildFile; fileRef = 5849EC651D2B8FC90074F73D /* ViewController.swift */; };
		5849EC691D2B8FC90074F73D /* Main.storyboard in Resources */ = {isa = PBXBuildFile; fileRef = 5849EC671D2B8FC90074F73D /* Main.storyboard */; };
		5849EC6B1D2B8FC90074F73D /* Assets.xcassets in Resources */ = {isa = PBXBuildFile; fileRef = 5849EC6A1D2B8FC90074F73D /* Assets.xcassets */; };
		5849EC6E1D2B8FC90074F73D /* LaunchScreen.storyboard in Resources */ = {isa = PBXBuildFile; fileRef = 5849EC6C1D2B8FC90074F73D /* LaunchScreen.storyboard */; };
		5849EC791D2B8FC90074F73D /* ________testTests.swift in Sources */ = {isa = PBXBuildFile; fileRef = 5849EC781D2B8FC90074F73D /* ________testTests.swift */; };
		5849EC841D2B8FC90074F73D /* ________testUITests.swift in Sources */ = {isa = PBXBuildFile; fileRef = 5849EC831D2B8FC90074F73D /* ________testUITests.swift */; };
		5849EC921D2B90C90074F73D /* CircularLoaderView.swift in Sources */ = {isa = PBXBuildFile; fileRef = 5849EC911D2B90C90074F73D /* CircularLoaderView.swift */; };
		5849EC941D2B98B60074F73D /* CustomImageView.swift in Sources */ = {isa = PBXBuildFile; fileRef = 5849EC931D2B98B60074F73D /* CustomImageView.swift */; };
/* End PBXBuildFile section */

/* Begin PBXContainerItemProxy section */
		115D42E82119CDF500AF3872 /* PBXContainerItemProxy */ = {
			isa = PBXContainerItemProxy;
			containerPortal = 115D42DE2119CDF500AF3872 /* Kingfisher.xcodeproj */;
			proxyType = 2;
			remoteGlobalIDString = D1ED2D351AD2D09F00CFC3EB;
			remoteInfo = "Kingfisher-iOS";
		};
		115D42EA2119CDF500AF3872 /* PBXContainerItemProxy */ = {
			isa = PBXContainerItemProxy;
			containerPortal = 115D42DE2119CDF500AF3872 /* Kingfisher.xcodeproj */;
			proxyType = 2;
			remoteGlobalIDString = D13F49D61BEDA67C00CE335D;
			remoteInfo = "Kingfisher-tvOS";
		};
		115D42EC2119CDF500AF3872 /* PBXContainerItemProxy */ = {
			isa = PBXContainerItemProxy;
			containerPortal = 115D42DE2119CDF500AF3872 /* Kingfisher.xcodeproj */;
			proxyType = 2;
			remoteGlobalIDString = 4B2944481C3D01B20088C3E7;
			remoteInfo = "Kingfisher-macOS";
		};
		115D42EE2119CDF500AF3872 /* PBXContainerItemProxy */ = {
			isa = PBXContainerItemProxy;
			containerPortal = 115D42DE2119CDF500AF3872 /* Kingfisher.xcodeproj */;
			proxyType = 2;
			remoteGlobalIDString = D16799EB1C4E74460020FD12;
			remoteInfo = "Kingfisher-watchOS";
		};
		115D42F02119CDF500AF3872 /* PBXContainerItemProxy */ = {
			isa = PBXContainerItemProxy;
			containerPortal = 115D42DE2119CDF500AF3872 /* Kingfisher.xcodeproj */;
			proxyType = 2;
			remoteGlobalIDString = D1ED2D3F1AD2D09F00CFC3EB;
			remoteInfo = KingfisherTests;
		};
		115D42F22119CDF500AF3872 /* PBXContainerItemProxy */ = {
			isa = PBXContainerItemProxy;
			containerPortal = 115D42DE2119CDF500AF3872 /* Kingfisher.xcodeproj */;
			proxyType = 2;
			remoteGlobalIDString = 4B37667F1C478F940001443F;
			remoteInfo = "KingfisherTests-tvOS";
		};
		115D42F42119CDF500AF3872 /* PBXContainerItemProxy */ = {
			isa = PBXContainerItemProxy;
			containerPortal = 115D42DE2119CDF500AF3872 /* Kingfisher.xcodeproj */;
			proxyType = 2;
			remoteGlobalIDString = D10EC2311C3D632300A4211C;
			remoteInfo = "KingfisherTests-macOS";
		};
		115D43002119CE5A00AF3872 /* PBXContainerItemProxy */ = {
			isa = PBXContainerItemProxy;
			containerPortal = 115D42F62119CE5900AF3872 /* Kingfisher.xcodeproj */;
			proxyType = 2;
			remoteGlobalIDString = D1ED2D351AD2D09F00CFC3EB;
			remoteInfo = "Kingfisher-iOS";
		};
		115D43022119CE5A00AF3872 /* PBXContainerItemProxy */ = {
			isa = PBXContainerItemProxy;
			containerPortal = 115D42F62119CE5900AF3872 /* Kingfisher.xcodeproj */;
			proxyType = 2;
			remoteGlobalIDString = D13F49D61BEDA67C00CE335D;
			remoteInfo = "Kingfisher-tvOS";
		};
		115D43042119CE5A00AF3872 /* PBXContainerItemProxy */ = {
			isa = PBXContainerItemProxy;
			containerPortal = 115D42F62119CE5900AF3872 /* Kingfisher.xcodeproj */;
			proxyType = 2;
			remoteGlobalIDString = 4B2944481C3D01B20088C3E7;
			remoteInfo = "Kingfisher-macOS";
		};
		115D43062119CE5A00AF3872 /* PBXContainerItemProxy */ = {
			isa = PBXContainerItemProxy;
			containerPortal = 115D42F62119CE5900AF3872 /* Kingfisher.xcodeproj */;
			proxyType = 2;
			remoteGlobalIDString = D16799EB1C4E74460020FD12;
			remoteInfo = "Kingfisher-watchOS";
		};
		115D43082119CE5A00AF3872 /* PBXContainerItemProxy */ = {
			isa = PBXContainerItemProxy;
			containerPortal = 115D42F62119CE5900AF3872 /* Kingfisher.xcodeproj */;
			proxyType = 2;
			remoteGlobalIDString = D1ED2D3F1AD2D09F00CFC3EB;
			remoteInfo = KingfisherTests;
		};
		115D430A2119CE5A00AF3872 /* PBXContainerItemProxy */ = {
			isa = PBXContainerItemProxy;
			containerPortal = 115D42F62119CE5900AF3872 /* Kingfisher.xcodeproj */;
			proxyType = 2;
			remoteGlobalIDString = 4B37667F1C478F940001443F;
			remoteInfo = "KingfisherTests-tvOS";
		};
		115D430C2119CE5A00AF3872 /* PBXContainerItemProxy */ = {
			isa = PBXContainerItemProxy;
			containerPortal = 115D42F62119CE5900AF3872 /* Kingfisher.xcodeproj */;
			proxyType = 2;
			remoteGlobalIDString = D10EC2311C3D632300A4211C;
			remoteInfo = "KingfisherTests-macOS";
		};
		115D430E2119CEB000AF3872 /* PBXContainerItemProxy */ = {
			isa = PBXContainerItemProxy;
			containerPortal = 115D42F62119CE5900AF3872 /* Kingfisher.xcodeproj */;
			proxyType = 1;
			remoteGlobalIDString = D1ED2D341AD2D09F00CFC3EB;
			remoteInfo = "Kingfisher-iOS";
		};
		115D43122119CF2800AF3872 /* PBXContainerItemProxy */ = {
			isa = PBXContainerItemProxy;
			containerPortal = 115D42F62119CE5900AF3872 /* Kingfisher.xcodeproj */;
			proxyType = 1;
			remoteGlobalIDString = D1ED2D341AD2D09F00CFC3EB;
			remoteInfo = "Kingfisher-iOS";
		};
		5849EC751D2B8FC90074F73D /* PBXContainerItemProxy */ = {
			isa = PBXContainerItemProxy;
			containerPortal = 5849EC581D2B8FC90074F73D /* Project object */;
			proxyType = 1;
			remoteGlobalIDString = 5849EC5F1D2B8FC90074F73D;
			remoteInfo = "圆形图片加载动画test";
		};
		5849EC801D2B8FC90074F73D /* PBXContainerItemProxy */ = {
			isa = PBXContainerItemProxy;
			containerPortal = 5849EC581D2B8FC90074F73D /* Project object */;
			proxyType = 1;
			remoteGlobalIDString = 5849EC5F1D2B8FC90074F73D;
			remoteInfo = "圆形图片加载动画test";
		};
/* End PBXContainerItemProxy section */

/* Begin PBXCopyFilesBuildPhase section */
		115D43142119CF2800AF3872 /* Embed Frameworks */ = {
			isa = PBXCopyFilesBuildPhase;
			buildActionMask = 2147483647;
			dstPath = "";
			dstSubfolderSpec = 10;
			files = (
				115D43112119CF2800AF3872 /* Kingfisher.framework in Embed Frameworks */,
			);
			name = "Embed Frameworks";
			runOnlyForDeploymentPostprocessing = 0;
		};
/* End PBXCopyFilesBuildPhase section */

/* Begin PBXFileReference section */
		115D42DE2119CDF500AF3872 /* Kingfisher.xcodeproj */ = {isa = PBXFileReference; lastKnownFileType = "wrapper.pb-project"; name = Kingfisher.xcodeproj; path = Kingfisher/Kingfisher.xcodeproj; sourceTree = SOURCE_ROOT; };
		115D42F62119CE5900AF3872 /* Kingfisher.xcodeproj */ = {isa = PBXFileReference; lastKnownFileType = "wrapper.pb-project"; name = Kingfisher.xcodeproj; path = Kingfisher/Kingfisher.xcodeproj; sourceTree = "<group>"; };
		5849EC601D2B8FC90074F73D /* 圆形图片加载动画test.app */ = {isa = PBXFileReference; explicitFileType = wrapper.application; includeInIndex = 0; path = "圆形图片加载动画test.app"; sourceTree = BUILT_PRODUCTS_DIR; };
		5849EC631D2B8FC90074F73D /* AppDelegate.swift */ = {isa = PBXFileReference; lastKnownFileType = sourcecode.swift; path = AppDelegate.swift; sourceTree = "<group>"; };
		5849EC651D2B8FC90074F73D /* ViewController.swift */ = {isa = PBXFileReference; lastKnownFileType = sourcecode.swift; path = ViewController.swift; sourceTree = "<group>"; };
		5849EC681D2B8FC90074F73D /* Base */ = {isa = PBXFileReference; lastKnownFileType = file.storyboard; name = Base; path = Base.lproj/Main.storyboard; sourceTree = "<group>"; };
		5849EC6A1D2B8FC90074F73D /* Assets.xcassets */ = {isa = PBXFileReference; lastKnownFileType = folder.assetcatalog; path = Assets.xcassets; sourceTree = "<group>"; };
		5849EC6D1D2B8FC90074F73D /* Base */ = {isa = PBXFileReference; lastKnownFileType = file.storyboard; name = Base; path = Base.lproj/LaunchScreen.storyboard; sourceTree = "<group>"; };
		5849EC6F1D2B8FC90074F73D /* Info.plist */ = {isa = PBXFileReference; lastKnownFileType = text.plist.xml; path = Info.plist; sourceTree = "<group>"; };
		5849EC741D2B8FC90074F73D /* 圆形图片加载动画testTests.xctest */ = {isa = PBXFileReference; explicitFileType = wrapper.cfbundle; includeInIndex = 0; path = "圆形图片加载动画testTests.xctest"; sourceTree = BUILT_PRODUCTS_DIR; };
		5849EC781D2B8FC90074F73D /* ________testTests.swift */ = {isa = PBXFileReference; lastKnownFileType = sourcecode.swift; path = "________testTests.swift"; sourceTree = "<group>"; };
		5849EC7A1D2B8FC90074F73D /* Info.plist */ = {isa = PBXFileReference; lastKnownFileType = text.plist.xml; path = Info.plist; sourceTree = "<group>"; };
		5849EC7F1D2B8FC90074F73D /* 圆形图片加载动画testUITests.xctest */ = {isa = PBXFileReference; explicitFileType = wrapper.cfbundle; includeInIndex = 0; path = "圆形图片加载动画testUITests.xctest"; sourceTree = BUILT_PRODUCTS_DIR; };
		5849EC831D2B8FC90074F73D /* ________testUITests.swift */ = {isa = PBXFileReference; lastKnownFileType = sourcecode.swift; path = "________testUITests.swift"; sourceTree = "<group>"; };
		5849EC851D2B8FC90074F73D /* Info.plist */ = {isa = PBXFileReference; lastKnownFileType = text.plist.xml; path = Info.plist; sourceTree = "<group>"; };
		5849EC911D2B90C90074F73D /* CircularLoaderView.swift */ = {isa = PBXFileReference; fileEncoding = 4; lastKnownFileType = sourcecode.swift; path = CircularLoaderView.swift; sourceTree = "<group>"; };
		5849EC931D2B98B60074F73D /* CustomImageView.swift */ = {isa = PBXFileReference; fileEncoding = 4; lastKnownFileType = sourcecode.swift; path = CustomImageView.swift; sourceTree = "<group>"; };
/* End PBXFileReference section */

/* Begin PBXFrameworksBuildPhase section */
		5849EC5D1D2B8FC90074F73D /* Frameworks */ = {
			isa = PBXFrameworksBuildPhase;
			buildActionMask = 2147483647;
			files = (
				115D43102119CF2800AF3872 /* Kingfisher.framework in Frameworks */,
			);
			runOnlyForDeploymentPostprocessing = 0;
		};
		5849EC711D2B8FC90074F73D /* Frameworks */ = {
			isa = PBXFrameworksBuildPhase;
			buildActionMask = 2147483647;
			files = (
			);
			runOnlyForDeploymentPostprocessing = 0;
		};
		5849EC7C1D2B8FC90074F73D /* Frameworks */ = {
			isa = PBXFrameworksBuildPhase;
			buildActionMask = 2147483647;
			files = (
			);
			runOnlyForDeploymentPostprocessing = 0;
		};
/* End PBXFrameworksBuildPhase section */

/* Begin PBXGroup section */
		115D42DF2119CDF500AF3872 /* Products */ = {
			isa = PBXGroup;
			children = (
				115D42E92119CDF500AF3872 /* Kingfisher.framework */,
				115D42EB2119CDF500AF3872 /* Kingfisher.framework */,
				115D42ED2119CDF500AF3872 /* Kingfisher.framework */,
				115D42EF2119CDF500AF3872 /* Kingfisher.framework */,
				115D42F12119CDF500AF3872 /* KingfisherTests.xctest */,
				115D42F32119CDF500AF3872 /* KingfisherTests-tvOS.xctest */,
				115D42F52119CDF500AF3872 /* KingfisherTests-macOS.xctest */,
			);
			name = Products;
			sourceTree = "<group>";
		};
		115D42F72119CE5900AF3872 /* Products */ = {
			isa = PBXGroup;
			children = (
				115D43012119CE5A00AF3872 /* Kingfisher.framework */,
				115D43032119CE5A00AF3872 /* Kingfisher.framework */,
				115D43052119CE5A00AF3872 /* Kingfisher.framework */,
				115D43072119CE5A00AF3872 /* Kingfisher.framework */,
				115D43092119CE5A00AF3872 /* KingfisherTests.xctest */,
				115D430B2119CE5A00AF3872 /* KingfisherTests-tvOS.xctest */,
				115D430D2119CE5A00AF3872 /* KingfisherTests-macOS.xctest */,
			);
			name = Products;
			sourceTree = "<group>";
		};
		5849EC571D2B8FC90074F73D = {
			isa = PBXGroup;
			children = (
				115D42F62119CE5900AF3872 /* Kingfisher.xcodeproj */,
				5849EC621D2B8FC90074F73D /* 圆形图片加载动画test */,
				5849EC771D2B8FC90074F73D /* 圆形图片加载动画testTests */,
				5849EC821D2B8FC90074F73D /* 圆形图片加载动画testUITests */,
				5849EC611D2B8FC90074F73D /* Products */,
			);
			sourceTree = "<group>";
		};
		5849EC611D2B8FC90074F73D /* Products */ = {
			isa = PBXGroup;
			children = (
				5849EC601D2B8FC90074F73D /* 圆形图片加载动画test.app */,
				5849EC741D2B8FC90074F73D /* 圆形图片加载动画testTests.xctest */,
				5849EC7F1D2B8FC90074F73D /* 圆形图片加载动画testUITests.xctest */,
			);
			name = Products;
			sourceTree = "<group>";
		};
		5849EC621D2B8FC90074F73D /* 圆形图片加载动画test */ = {
			isa = PBXGroup;
			children = (
				115D42DE2119CDF500AF3872 /* Kingfisher.xcodeproj */,
				5849EC631D2B8FC90074F73D /* AppDelegate.swift */,
				5849EC651D2B8FC90074F73D /* ViewController.swift */,
				5849EC671D2B8FC90074F73D /* Main.storyboard */,
				5849EC931D2B98B60074F73D /* CustomImageView.swift */,
				5849EC911D2B90C90074F73D /* CircularLoaderView.swift */,
				5849EC6A1D2B8FC90074F73D /* Assets.xcassets */,
				5849EC6C1D2B8FC90074F73D /* LaunchScreen.storyboard */,
				5849EC6F1D2B8FC90074F73D /* Info.plist */,
			);
			path = "圆形图片加载动画test";
			sourceTree = "<group>";
		};
		5849EC771D2B8FC90074F73D /* 圆形图片加载动画testTests */ = {
			isa = PBXGroup;
			children = (
				5849EC781D2B8FC90074F73D /* ________testTests.swift */,
				5849EC7A1D2B8FC90074F73D /* Info.plist */,
			);
			path = "圆形图片加载动画testTests";
			sourceTree = "<group>";
		};
		5849EC821D2B8FC90074F73D /* 圆形图片加载动画testUITests */ = {
			isa = PBXGroup;
			children = (
				5849EC831D2B8FC90074F73D /* ________testUITests.swift */,
				5849EC851D2B8FC90074F73D /* Info.plist */,
			);
			path = "圆形图片加载动画testUITests";
			sourceTree = "<group>";
		};
/* End PBXGroup section */

/* Begin PBXNativeTarget section */
		5849EC5F1D2B8FC90074F73D /* 圆形图片加载动画test */ = {
			isa = PBXNativeTarget;
			buildConfigurationList = 5849EC881D2B8FC90074F73D /* Build configuration list for PBXNativeTarget "圆形图片加载动画test" */;
			buildPhases = (
				5849EC5C1D2B8FC90074F73D /* Sources */,
				5849EC5D1D2B8FC90074F73D /* Frameworks */,
				5849EC5E1D2B8FC90074F73D /* Resources */,
				115D43142119CF2800AF3872 /* Embed Frameworks */,
			);
			buildRules = (
			);
			dependencies = (
				115D430F2119CEB000AF3872 /* PBXTargetDependency */,
				115D43132119CF2800AF3872 /* PBXTargetDependency */,
			);
			name = "圆形图片加载动画test";
			productName = "圆形图片加载动画test";
			productReference = 5849EC601D2B8FC90074F73D /* 圆形图片加载动画test.app */;
			productType = "com.apple.product-type.application";
		};
		5849EC731D2B8FC90074F73D /* 圆形图片加载动画testTests */ = {
			isa = PBXNativeTarget;
			buildConfigurationList = 5849EC8B1D2B8FC90074F73D /* Build configuration list for PBXNativeTarget "圆形图片加载动画testTests" */;
			buildPhases = (
				5849EC701D2B8FC90074F73D /* Sources */,
				5849EC711D2B8FC90074F73D /* Frameworks */,
				5849EC721D2B8FC90074F73D /* Resources */,
			);
			buildRules = (
			);
			dependencies = (
				5849EC761D2B8FC90074F73D /* PBXTargetDependency */,
			);
			name = "圆形图片加载动画testTests";
			productName = "圆形图片加载动画testTests";
			productReference = 5849EC741D2B8FC90074F73D /* 圆形图片加载动画testTests.xctest */;
			productType = "com.apple.product-type.bundle.unit-test";
		};
		5849EC7E1D2B8FC90074F73D /* 圆形图片加载动画testUITests */ = {
			isa = PBXNativeTarget;
			buildConfigurationList = 5849EC8E1D2B8FC90074F73D /* Build configuration list for PBXNativeTarget "圆形图片加载动画testUITests" */;
			buildPhases = (
				5849EC7B1D2B8FC90074F73D /* Sources */,
				5849EC7C1D2B8FC90074F73D /* Frameworks */,
				5849EC7D1D2B8FC90074F73D /* Resources */,
			);
			buildRules = (
			);
			dependencies = (
				5849EC811D2B8FC90074F73D /* PBXTargetDependency */,
			);
			name = "圆形图片加载动画testUITests";
			productName = "圆形图片加载动画testUITests";
			productReference = 5849EC7F1D2B8FC90074F73D /* 圆形图片加载动画testUITests.xctest */;
			productType = "com.apple.product-type.bundle.ui-testing";
		};
/* End PBXNativeTarget section */

/* Begin PBXProject section */
		5849EC581D2B8FC90074F73D /* Project object */ = {
			isa = PBXProject;
			attributes = {
				LastSwiftUpdateCheck = 0730;
				LastUpgradeCheck = 0730;
				ORGANIZATIONNAME = don;
				TargetAttributes = {
					5849EC5F1D2B8FC90074F73D = {
						CreatedOnToolsVersion = 7.3.1;
					};
					5849EC731D2B8FC90074F73D = {
						CreatedOnToolsVersion = 7.3.1;
						TestTargetID = 5849EC5F1D2B8FC90074F73D;
					};
					5849EC7E1D2B8FC90074F73D = {
						CreatedOnToolsVersion = 7.3.1;
						TestTargetID = 5849EC5F1D2B8FC90074F73D;
					};
				};
			};
			buildConfigurationList = 5849EC5B1D2B8FC90074F73D /* Build configuration list for PBXProject "圆形图片加载动画test" */;
			compatibilityVersion = "Xcode 3.2";
			developmentRegion = English;
			hasScannedForEncodings = 0;
			knownRegions = (
				en,
				Base,
			);
			mainGroup = 5849EC571D2B8FC90074F73D;
			productRefGroup = 5849EC611D2B8FC90074F73D /* Products */;
			projectDirPath = "";
			projectReferences = (
				{
					ProductGroup = 115D42F72119CE5900AF3872 /* Products */;
					ProjectRef = 115D42F62119CE5900AF3872 /* Kingfisher.xcodeproj */;
				},
				{
					ProductGroup = 115D42DF2119CDF500AF3872 /* Products */;
					ProjectRef = 115D42DE2119CDF500AF3872 /* Kingfisher.xcodeproj */;
				},
			);
			projectRoot = "";
			targets = (
				5849EC5F1D2B8FC90074F73D /* 圆形图片加载动画test */,
				5849EC731D2B8FC90074F73D /* 圆形图片加载动画testTests */,
				5849EC7E1D2B8FC90074F73D /* 圆形图片加载动画testUITests */,
			);
		};
/* End PBXProject section */

/* Begin PBXReferenceProxy section */
		115D42E92119CDF500AF3872 /* Kingfisher.framework */ = {
			isa = PBXReferenceProxy;
			fileType = wrapper.framework;
			path = Kingfisher.framework;
			remoteRef = 115D42E82119CDF500AF3872 /* PBXContainerItemProxy */;
			sourceTree = BUILT_PRODUCTS_DIR;
		};
		115D42EB2119CDF500AF3872 /* Kingfisher.framework */ = {
			isa = PBXReferenceProxy;
			fileType = wrapper.framework;
			path = Kingfisher.framework;
			remoteRef = 115D42EA2119CDF500AF3872 /* PBXContainerItemProxy */;
			sourceTree = BUILT_PRODUCTS_DIR;
		};
		115D42ED2119CDF500AF3872 /* Kingfisher.framework */ = {
			isa = PBXReferenceProxy;
			fileType = wrapper.framework;
			path = Kingfisher.framework;
			remoteRef = 115D42EC2119CDF500AF3872 /* PBXContainerItemProxy */;
			sourceTree = BUILT_PRODUCTS_DIR;
		};
		115D42EF2119CDF500AF3872 /* Kingfisher.framework */ = {
			isa = PBXReferenceProxy;
			fileType = wrapper.framework;
			path = Kingfisher.framework;
			remoteRef = 115D42EE2119CDF500AF3872 /* PBXContainerItemProxy */;
			sourceTree = BUILT_PRODUCTS_DIR;
		};
		115D42F12119CDF500AF3872 /* KingfisherTests.xctest */ = {
			isa = PBXReferenceProxy;
			fileType = wrapper.cfbundle;
			path = KingfisherTests.xctest;
			remoteRef = 115D42F02119CDF500AF3872 /* PBXContainerItemProxy */;
			sourceTree = BUILT_PRODUCTS_DIR;
		};
		115D42F32119CDF500AF3872 /* KingfisherTests-tvOS.xctest */ = {
			isa = PBXReferenceProxy;
			fileType = wrapper.cfbundle;
			path = "KingfisherTests-tvOS.xctest";
			remoteRef = 115D42F22119CDF500AF3872 /* PBXContainerItemProxy */;
			sourceTree = BUILT_PRODUCTS_DIR;
		};
		115D42F52119CDF500AF3872 /* KingfisherTests-macOS.xctest */ = {
			isa = PBXReferenceProxy;
			fileType = wrapper.cfbundle;
			path = "KingfisherTests-macOS.xctest";
			remoteRef = 115D42F42119CDF500AF3872 /* PBXContainerItemProxy */;
			sourceTree = BUILT_PRODUCTS_DIR;
		};
		115D43012119CE5A00AF3872 /* Kingfisher.framework */ = {
			isa = PBXReferenceProxy;
			fileType = wrapper.framework;
			path = Kingfisher.framework;
			remoteRef = 115D43002119CE5A00AF3872 /* PBXContainerItemProxy */;
			sourceTree = BUILT_PRODUCTS_DIR;
		};
		115D43032119CE5A00AF3872 /* Kingfisher.framework */ = {
			isa = PBXReferenceProxy;
			fileType = wrapper.framework;
			path = Kingfisher.framework;
			remoteRef = 115D43022119CE5A00AF3872 /* PBXContainerItemProxy */;
			sourceTree = BUILT_PRODUCTS_DIR;
		};
		115D43052119CE5A00AF3872 /* Kingfisher.framework */ = {
			isa = PBXReferenceProxy;
			fileType = wrapper.framework;
			path = Kingfisher.framework;
			remoteRef = 115D43042119CE5A00AF3872 /* PBXContainerItemProxy */;
			sourceTree = BUILT_PRODUCTS_DIR;
		};
		115D43072119CE5A00AF3872 /* Kingfisher.framework */ = {
			isa = PBXReferenceProxy;
			fileType = wrapper.framework;
			path = Kingfisher.framework;
			remoteRef = 115D43062119CE5A00AF3872 /* PBXContainerItemProxy */;
			sourceTree = BUILT_PRODUCTS_DIR;
		};
		115D43092119CE5A00AF3872 /* KingfisherTests.xctest */ = {
			isa = PBXReferenceProxy;
			fileType = wrapper.cfbundle;
			path = KingfisherTests.xctest;
			remoteRef = 115D43082119CE5A00AF3872 /* PBXContainerItemProxy */;
			sourceTree = BUILT_PRODUCTS_DIR;
		};
		115D430B2119CE5A00AF3872 /* KingfisherTests-tvOS.xctest */ = {
			isa = PBXReferenceProxy;
			fileType = wrapper.cfbundle;
			path = "KingfisherTests-tvOS.xctest";
			remoteRef = 115D430A2119CE5A00AF3872 /* PBXContainerItemProxy */;
			sourceTree = BUILT_PRODUCTS_DIR;
		};
		115D430D2119CE5A00AF3872 /* KingfisherTests-macOS.xctest */ = {
			isa = PBXReferenceProxy;
			fileType = wrapper.cfbundle;
			path = "KingfisherTests-macOS.xctest";
			remoteRef = 115D430C2119CE5A00AF3872 /* PBXContainerItemProxy */;
			sourceTree = BUILT_PRODUCTS_DIR;
		};
/* End PBXReferenceProxy section */

/* Begin PBXResourcesBuildPhase section */
		5849EC5E1D2B8FC90074F73D /* Resources */ = {
			isa = PBXResourcesBuildPhase;
			buildActionMask = 2147483647;
			files = (
				5849EC6E1D2B8FC90074F73D /* LaunchScreen.storyboard in Resources */,
				5849EC6B1D2B8FC90074F73D /* Assets.xcassets in Resources */,
				5849EC691D2B8FC90074F73D /* Main.storyboard in Resources */,
			);
			runOnlyForDeploymentPostprocessing = 0;
		};
		5849EC721D2B8FC90074F73D /* Resources */ = {
			isa = PBXResourcesBuildPhase;
			buildActionMask = 2147483647;
			files = (
			);
			runOnlyForDeploymentPostprocessing = 0;
		};
		5849EC7D1D2B8FC90074F73D /* Resources */ = {
			isa = PBXResourcesBuildPhase;
			buildActionMask = 2147483647;
			files = (
			);
			runOnlyForDeploymentPostprocessing = 0;
		};
/* End PBXResourcesBuildPhase section */

/* Begin PBXSourcesBuildPhase section */
		5849EC5C1D2B8FC90074F73D /* Sources */ = {
			isa = PBXSourcesBuildPhase;
			buildActionMask = 2147483647;
			files = (
				5849EC661D2B8FC90074F73D /* ViewController.swift in Sources */,
				5849EC941D2B98B60074F73D /* CustomImageView.swift in Sources */,
				5849EC641D2B8FC90074F73D /* AppDelegate.swift in Sources */,
				5849EC921D2B90C90074F73D /* CircularLoaderView.swift in Sources */,
			);
			runOnlyForDeploymentPostprocessing = 0;
		};
		5849EC701D2B8FC90074F73D /* Sources */ = {
			isa = PBXSourcesBuildPhase;
			buildActionMask = 2147483647;
			files = (
				5849EC791D2B8FC90074F73D /* ________testTests.swift in Sources */,
			);
			runOnlyForDeploymentPostprocessing = 0;
		};
		5849EC7B1D2B8FC90074F73D /* Sources */ = {
			isa = PBXSourcesBuildPhase;
			buildActionMask = 2147483647;
			files = (
				5849EC841D2B8FC90074F73D /* ________testUITests.swift in Sources */,
			);
			runOnlyForDeploymentPostprocessing = 0;
		};
/* End PBXSourcesBuildPhase section */

/* Begin PBXTargetDependency section */
		115D430F2119CEB000AF3872 /* PBXTargetDependency */ = {
			isa = PBXTargetDependency;
			name = "Kingfisher-iOS";
			targetProxy = 115D430E2119CEB000AF3872 /* PBXContainerItemProxy */;
		};
		115D43132119CF2800AF3872 /* PBXTargetDependency */ = {
			isa = PBXTargetDependency;
			name = "Kingfisher-iOS";
			targetProxy = 115D43122119CF2800AF3872 /* PBXContainerItemProxy */;
		};
		5849EC761D2B8FC90074F73D /* PBXTargetDependency */ = {
			isa = PBXTargetDependency;
			target = 5849EC5F1D2B8FC90074F73D /* 圆形图片加载动画test */;
			targetProxy = 5849EC751D2B8FC90074F73D /* PBXContainerItemProxy */;
		};
		5849EC811D2B8FC90074F73D /* PBXTargetDependency */ = {
			isa = PBXTargetDependency;
			target = 5849EC5F1D2B8FC90074F73D /* 圆形图片加载动画test */;
			targetProxy = 5849EC801D2B8FC90074F73D /* PBXContainerItemProxy */;
		};
/* End PBXTargetDependency section */

/* Begin PBXVariantGroup section */
		5849EC671D2B8FC90074F73D /* Main.storyboard */ = {
			isa = PBXVariantGroup;
			children = (
				5849EC681D2B8FC90074F73D /* Base */,
			);
			name = Main.storyboard;
			sourceTree = "<group>";
		};
		5849EC6C1D2B8FC90074F73D /* LaunchScreen.storyboard */ = {
			isa = PBXVariantGroup;
			children = (
				5849EC6D1D2B8FC90074F73D /* Base */,
			);
			name = LaunchScreen.storyboard;
			sourceTree = "<group>";
		};
/* End PBXVariantGroup section */

/* Begin XCBuildConfiguration section */
		5849EC861D2B8FC90074F73D /* Debug */ = {
			isa = XCBuildConfiguration;
			buildSettings = {
				ALWAYS_SEARCH_USER_PATHS = NO;
				CLANG_ANALYZER_NONNULL = YES;
				CLANG_CXX_LANGUAGE_STANDARD = "gnu++0x";
				CLANG_CXX_LIBRARY = "libc++";
				CLANG_ENABLE_MODULES = YES;
				CLANG_ENABLE_OBJC_ARC = YES;
				CLANG_WARN_BOOL_CONVERSION = YES;
				CLANG_WARN_CONSTANT_CONVERSION = YES;
				CLANG_WARN_DIRECT_OBJC_ISA_USAGE = YES_ERROR;
				CLANG_WARN_EMPTY_BODY = YES;
				CLANG_WARN_ENUM_CONVERSION = YES;
				CLANG_WARN_INT_CONVERSION = YES;
				CLANG_WARN_OBJC_ROOT_CLASS = YES_ERROR;
				CLANG_WARN_UNREACHABLE_CODE = YES;
				CLANG_WARN__DUPLICATE_METHOD_MATCH = YES;
				"CODE_SIGN_IDENTITY[sdk=iphoneos*]" = "iPhone Developer";
				COPY_PHASE_STRIP = NO;
				DEBUG_INFORMATION_FORMAT = dwarf;
				ENABLE_STRICT_OBJC_MSGSEND = YES;
				ENABLE_TESTABILITY = YES;
				GCC_C_LANGUAGE_STANDARD = gnu99;
				GCC_DYNAMIC_NO_PIC = NO;
				GCC_NO_COMMON_BLOCKS = YES;
				GCC_OPTIMIZATION_LEVEL = 0;
				GCC_PREPROCESSOR_DEFINITIONS = (
					"DEBUG=1",
					"$(inherited)",
				);
				GCC_WARN_64_TO_32_BIT_CONVERSION = YES;
				GCC_WARN_ABOUT_RETURN_TYPE = YES_ERROR;
				GCC_WARN_UNDECLARED_SELECTOR = YES;
				GCC_WARN_UNINITIALIZED_AUTOS = YES_AGGRESSIVE;
				GCC_WARN_UNUSED_FUNCTION = YES;
				GCC_WARN_UNUSED_VARIABLE = YES;
				IPHONEOS_DEPLOYMENT_TARGET = 9.3;
				MTL_ENABLE_DEBUG_INFO = YES;
				ONLY_ACTIVE_ARCH = YES;
				SDKROOT = iphoneos;
				SWIFT_OPTIMIZATION_LEVEL = "-Onone";
			};
			name = Debug;
		};
		5849EC871D2B8FC90074F73D /* Release */ = {
			isa = XCBuildConfiguration;
			buildSettings = {
				ALWAYS_SEARCH_USER_PATHS = NO;
				CLANG_ANALYZER_NONNULL = YES;
				CLANG_CXX_LANGUAGE_STANDARD = "gnu++0x";
				CLANG_CXX_LIBRARY = "libc++";
				CLANG_ENABLE_MODULES = YES;
				CLANG_ENABLE_OBJC_ARC = YES;
				CLANG_WARN_BOOL_CONVERSION = YES;
				CLANG_WARN_CONSTANT_CONVERSION = YES;
				CLANG_WARN_DIRECT_OBJC_ISA_USAGE = YES_ERROR;
				CLANG_WARN_EMPTY_BODY = YES;
				CLANG_WARN_ENUM_CONVERSION = YES;
				CLANG_WARN_INT_CONVERSION = YES;
				CLANG_WARN_OBJC_ROOT_CLASS = YES_ERROR;
				CLANG_WARN_UNREACHABLE_CODE = YES;
				CLANG_WARN__DUPLICATE_METHOD_MATCH = YES;
				"CODE_SIGN_IDENTITY[sdk=iphoneos*]" = "iPhone Developer";
				COPY_PHASE_STRIP = NO;
				DEBUG_INFORMATION_FORMAT = "dwarf-with-dsym";
				ENABLE_NS_ASSERTIONS = NO;
				ENABLE_STRICT_OBJC_MSGSEND = YES;
				GCC_C_LANGUAGE_STANDARD = gnu99;
				GCC_NO_COMMON_BLOCKS = YES;
				GCC_WARN_64_TO_32_BIT_CONVERSION = YES;
				GCC_WARN_ABOUT_RETURN_TYPE = YES_ERROR;
				GCC_WARN_UNDECLARED_SELECTOR = YES;
				GCC_WARN_UNINITIALIZED_AUTOS = YES_AGGRESSIVE;
				GCC_WARN_UNUSED_FUNCTION = YES;
				GCC_WARN_UNUSED_VARIABLE = YES;
				IPHONEOS_DEPLOYMENT_TARGET = 9.3;
				MTL_ENABLE_DEBUG_INFO = NO;
				SDKROOT = iphoneos;
				VALIDATE_PRODUCT = YES;
			};
			name = Release;
		};
		5849EC891D2B8FC90074F73D /* Debug */ = {
			isa = XCBuildConfiguration;
			buildSettings = {
				ALWAYS_EMBED_SWIFT_STANDARD_LIBRARIES = YES;
				ASSETCATALOG_COMPILER_APPICON_NAME = AppIcon;
				CLANG_ENABLE_MODULES = YES;
				INFOPLIST_FILE = "圆形图片加载动画test/Info.plist";
				IPHONEOS_DEPLOYMENT_TARGET = 9.1;
				LD_RUNPATH_SEARCH_PATHS = "$(inherited) @executable_path/Frameworks";
				PRODUCT_BUNDLE_IDENTIFIER = "cn.110.--------test";
				PRODUCT_NAME = "$(TARGET_NAME)";
				SWIFT_OBJC_BRIDGING_HEADER = "";
				SWIFT_OPTIMIZATION_LEVEL = "-Onone";
				SWIFT_VERSION = 4.0;
			};
			name = Debug;
		};
		5849EC8A1D2B8FC90074F73D /* Release */ = {
			isa = XCBuildConfiguration;
			buildSettings = {
				ALWAYS_EMBED_SWIFT_STANDARD_LIBRARIES = YES;
				ASSETCATALOG_COMPILER_APPICON_NAME = AppIcon;
				CLANG_ENABLE_MODULES = YES;
				INFOPLIST_FILE = "圆形图片加载动画test/Info.plist";
				IPHONEOS_DEPLOYMENT_TARGET = 9.1;
				LD_RUNPATH_SEARCH_PATHS = "$(inherited) @executable_path/Frameworks";
				PRODUCT_BUNDLE_IDENTIFIER = "cn.110.--------test";
				PRODUCT_NAME = "$(TARGET_NAME)";
				SWIFT_OBJC_BRIDGING_HEADER = "";
				SWIFT_VERSION = 4.0;
			};
			name = Release;
		};
		5849EC8C1D2B8FC90074F73D /* Debug */ = {
			isa = XCBuildConfiguration;
			buildSettings = {
				BUNDLE_LOADER = "$(TEST_HOST)";
				INFOPLIST_FILE = "圆形图片加载动画testTests/Info.plist";
				LD_RUNPATH_SEARCH_PATHS = "$(inherited) @executable_path/Frameworks @loader_path/Frameworks";
				PRODUCT_BUNDLE_IDENTIFIER = "cn.110.--------testTests";
				PRODUCT_NAME = "$(TARGET_NAME)";
				TEST_HOST = "$(BUILT_PRODUCTS_DIR)/圆形图片加载动画test.app/圆形图片加载动画test";
			};
			name = Debug;
		};
		5849EC8D1D2B8FC90074F73D /* Release */ = {
			isa = XCBuildConfiguration;
			buildSettings = {
				BUNDLE_LOADER = "$(TEST_HOST)";
				INFOPLIST_FILE = "圆形图片加载动画testTests/Info.plist";
				LD_RUNPATH_SEARCH_PATHS = "$(inherited) @executable_path/Frameworks @loader_path/Frameworks";
				PRODUCT_BUNDLE_IDENTIFIER = "cn.110.--------testTests";
				PRODUCT_NAME = "$(TARGET_NAME)";
				TEST_HOST = "$(BUILT_PRODUCTS_DIR)/圆形图片加载动画test.app/圆形图片加载动画test";
			};
			name = Release;
		};
		5849EC8F1D2B8FC90074F73D /* Debug */ = {
			isa = XCBuildConfiguration;
			buildSettings = {
				INFOPLIST_FILE = "圆形图片加载动画testUITests/Info.plist";
				LD_RUNPATH_SEARCH_PATHS = "$(inherited) @executable_path/Frameworks @loader_path/Frameworks";
				PRODUCT_BUNDLE_IDENTIFIER = "cn.110.--------testUITests";
				PRODUCT_NAME = "$(TARGET_NAME)";
				TEST_TARGET_NAME = "圆形图片加载动画test";
			};
			name = Debug;
		};
		5849EC901D2B8FC90074F73D /* Release */ = {
			isa = XCBuildConfiguration;
			buildSettings = {
				INFOPLIST_FILE = "圆形图片加载动画testUITests/Info.plist";
				LD_RUNPATH_SEARCH_PATHS = "$(inherited) @executable_path/Frameworks @loader_path/Frameworks";
				PRODUCT_BUNDLE_IDENTIFIER = "cn.110.--------testUITests";
				PRODUCT_NAME = "$(TARGET_NAME)";
				TEST_TARGET_NAME = "圆形图片加载动画test";
			};
			name = Release;
		};
/* End XCBuildConfiguration section */

/* Begin XCConfigurationList section */
		5849EC5B1D2B8FC90074F73D /* Build configuration list for PBXProject "圆形图片加载动画test" */ = {
			isa = XCConfigurationList;
			buildConfigurations = (
				5849EC861D2B8FC90074F73D /* Debug */,
				5849EC871D2B8FC90074F73D /* Release */,
			);
			defaultConfigurationIsVisible = 0;
			defaultConfigurationName = Release;
		};
		5849EC881D2B8FC90074F73D /* Build configuration list for PBXNativeTarget "圆形图片加载动画test" */ = {
			isa = XCConfigurationList;
			buildConfigurations = (
				5849EC891D2B8FC90074F73D /* Debug */,
				5849EC8A1D2B8FC90074F73D /* Release */,
			);
			defaultConfigurationIsVisible = 0;
			defaultConfigurationName = Release;
		};
		5849EC8B1D2B8FC90074F73D /* Build configuration list for PBXNativeTarget "圆形图片加载动画testTests" */ = {
			isa = XCConfigurationList;
			buildConfigurations = (
				5849EC8C1D2B8FC90074F73D /* Debug */,
				5849EC8D1D2B8FC90074F73D /* Release */,
			);
			defaultConfigurationIsVisible = 0;
			defaultConfigurationName = Release;
		};
		5849EC8E1D2B8FC90074F73D /* Build configuration list for PBXNativeTarget "圆形图片加载动画testUITests" */ = {
			isa = XCConfigurationList;
			buildConfigurations = (
				5849EC8F1D2B8FC90074F73D /* Debug */,
				5849EC901D2B8FC90074F73D /* Release */,
			);
			defaultConfigurationIsVisible = 0;
			defaultConfigurationName = Release;
		};
/* End XCConfigurationList section */
	};
	rootObject = 5849EC581D2B8FC90074F73D /* Project object */;
}
